// !$*UTF8*$!
{
	archiveVersion = 1;
	classes = {
	};
	objectVersion = 55;
	objects = {

/* Begin PBXBuildFile section */
		0F52F8D9298AB1B0005E2C93 /* ScanResultViewController.swift in Sources */ = {isa = PBXBuildFile; fileRef = 0F52F8D8298AB1B0005E2C93 /* ScanResultViewController.swift */; };
		0F52F8DB298AB227005E2C93 /* ScanResultViewModel.swift in Sources */ = {isa = PBXBuildFile; fileRef = 0F52F8DA298AB227005E2C93 /* ScanResultViewModel.swift */; };
		0F52F8ED2990DC86005E2C93 /* CoreAllergyModel.xcdatamodeld in Sources */ = {isa = PBXBuildFile; fileRef = 0F52F8EB2990DC86005E2C93 /* CoreAllergyModel.xcdatamodeld */; };
		0F64C1772994C4CE009AB81C /* AllergyResultModel.swift in Sources */ = {isa = PBXBuildFile; fileRef = 0F64C1762994C4CE009AB81C /* AllergyResultModel.swift */; };
		0F64C17A2996285D009AB81C /* FetchBarcodeInfo.swift in Sources */ = {isa = PBXBuildFile; fileRef = 0F64C1792996285D009AB81C /* FetchBarcodeInfo.swift */; };
		0F83757F297FE14400ACE1A5 /* LoadAllergyViewController.swift in Sources */ = {isa = PBXBuildFile; fileRef = 0F83757E297FE14400ACE1A5 /* LoadAllergyViewController.swift */; };
		0F837581297FE2BC00ACE1A5 /* LoadAllergyDetailViewController.swift in Sources */ = {isa = PBXBuildFile; fileRef = 0F837580297FE2BC00ACE1A5 /* LoadAllergyDetailViewController.swift */; };
		0F8375832980F03C00ACE1A5 /* AllergyResult.swift in Sources */ = {isa = PBXBuildFile; fileRef = 0F8375822980F03C00ACE1A5 /* AllergyResult.swift */; };
		0F8375852981074200ACE1A5 /* MainViewModel.swift in Sources */ = {isa = PBXBuildFile; fileRef = 0F8375842981074200ACE1A5 /* MainViewModel.swift */; };
		0F837587298263BF00ACE1A5 /* LoadAllergyViewModel.swift in Sources */ = {isa = PBXBuildFile; fileRef = 0F837586298263BF00ACE1A5 /* LoadAllergyViewModel.swift */; };
		0F83758A2982783200ACE1A5 /* LoadAllergyCollectionViewCell.swift in Sources */ = {isa = PBXBuildFile; fileRef = 0F8375882982783200ACE1A5 /* LoadAllergyCollectionViewCell.swift */; };
		0F83758B2982783300ACE1A5 /* LoadAllergyCollectionViewCell.xib in Resources */ = {isa = PBXBuildFile; fileRef = 0F8375892982783200ACE1A5 /* LoadAllergyCollectionViewCell.xib */; };
		0F8375B42987A81900ACE1A5 /* LoadAllergyDetailViewModel.swift in Sources */ = {isa = PBXBuildFile; fileRef = 0F8375B32987A81900ACE1A5 /* LoadAllergyDetailViewModel.swift */; };
		0F8512B52843B7F800A059A1 /* AppDelegate.swift in Sources */ = {isa = PBXBuildFile; fileRef = 0F8512B42843B7F800A059A1 /* AppDelegate.swift */; };
		0F8512B72843B7F800A059A1 /* SceneDelegate.swift in Sources */ = {isa = PBXBuildFile; fileRef = 0F8512B62843B7F800A059A1 /* SceneDelegate.swift */; };
		0F8512B92843B7F800A059A1 /* MainViewController.swift in Sources */ = {isa = PBXBuildFile; fileRef = 0F8512B82843B7F800A059A1 /* MainViewController.swift */; };
		0F8512BC2843B7F800A059A1 /* Main.storyboard in Resources */ = {isa = PBXBuildFile; fileRef = 0F8512BA2843B7F800A059A1 /* Main.storyboard */; };
		0F8512BE2843B7FA00A059A1 /* Assets.xcassets in Resources */ = {isa = PBXBuildFile; fileRef = 0F8512BD2843B7FA00A059A1 /* Assets.xcassets */; };
		0F8512C12843B7FA00A059A1 /* LaunchScreen.storyboard in Resources */ = {isa = PBXBuildFile; fileRef = 0F8512BF2843B7FA00A059A1 /* LaunchScreen.storyboard */; };
		0F8D57AE299A1BEB00CA4D1D /* Barcode.swift in Sources */ = {isa = PBXBuildFile; fileRef = 0F8D57AD299A1BEB00CA4D1D /* Barcode.swift */; };
		52E5A03AE8D7D98201D1CCC9 /* Pods_AllergyApp.framework in Frameworks */ = {isa = PBXBuildFile; fileRef = 4FF71929408CA382399B6C83 /* Pods_AllergyApp.framework */; };
		931716CE2993EC5E00819089 /* DirectAddMyAllergyViewController.swift in Sources */ = {isa = PBXBuildFile; fileRef = 931716CD2993EC5E00819089 /* DirectAddMyAllergyViewController.swift */; };
		932DF7BC2997DA49002223C9 /* FetchProductInfo.swift in Sources */ = {isa = PBXBuildFile; fileRef = 932DF7BB2997DA49002223C9 /* FetchProductInfo.swift */; };
		932DF7BE2997DAA9002223C9 /* Product.swift in Sources */ = {isa = PBXBuildFile; fileRef = 932DF7BD2997DAA9002223C9 /* Product.swift */; };
		932DF7C0299B595D002223C9 /* ScanBarcode.swift in Sources */ = {isa = PBXBuildFile; fileRef = 932DF7BF299B595D002223C9 /* ScanBarcode.swift */; };
		932DF7C5299B5A58002223C9 /* BarCodeView.swift in Sources */ = {isa = PBXBuildFile; fileRef = 932DF7C4299B5A58002223C9 /* BarCodeView.swift */; };
		932DF7C7299B7456002223C9 /* CheckResultPopup.xib in Resources */ = {isa = PBXBuildFile; fileRef = 932DF7C6299B7456002223C9 /* CheckResultPopup.xib */; };
		932DF7C9299B7595002223C9 /* CheckResultPopupViewController.swift in Sources */ = {isa = PBXBuildFile; fileRef = 932DF7C8299B7595002223C9 /* CheckResultPopupViewController.swift */; };
		93577D1829A360AD00170EA6 /* NanumSquareRoundL.ttf in Resources */ = {isa = PBXBuildFile; fileRef = 93577D1429A360AD00170EA6 /* NanumSquareRoundL.ttf */; };
		93577D1929A360AD00170EA6 /* NanumSquareRoundR.ttf in Resources */ = {isa = PBXBuildFile; fileRef = 93577D1529A360AD00170EA6 /* NanumSquareRoundR.ttf */; };
		93577D1A29A360AD00170EA6 /* NanumSquareRoundEB.ttf in Resources */ = {isa = PBXBuildFile; fileRef = 93577D1629A360AD00170EA6 /* NanumSquareRoundEB.ttf */; };
		93577D1B29A360AD00170EA6 /* NanumSquareRoundB.ttf in Resources */ = {isa = PBXBuildFile; fileRef = 93577D1729A360AD00170EA6 /* NanumSquareRoundB.ttf */; };
		93577D2029A364A400170EA6 /* NanumSquareB.ttf in Resources */ = {isa = PBXBuildFile; fileRef = 93577D1C29A364A400170EA6 /* NanumSquareB.ttf */; };
		93577D2129A364A400170EA6 /* NanumSquareEB.ttf in Resources */ = {isa = PBXBuildFile; fileRef = 93577D1D29A364A400170EA6 /* NanumSquareEB.ttf */; };
		93577D2229A364A400170EA6 /* NanumSquareL.ttf in Resources */ = {isa = PBXBuildFile; fileRef = 93577D1E29A364A400170EA6 /* NanumSquareL.ttf */; };
		93577D2329A364A400170EA6 /* NanumSquareR.ttf in Resources */ = {isa = PBXBuildFile; fileRef = 93577D1F29A364A400170EA6 /* NanumSquareR.ttf */; };
		93577D2629A367CC00170EA6 /* ExtensionUIColor.swift in Sources */ = {isa = PBXBuildFile; fileRef = 93577D2529A367CC00170EA6 /* ExtensionUIColor.swift */; };
		93577D2A29A4E6D500170EA6 /* CheckDeletePopup.xib in Resources */ = {isa = PBXBuildFile; fileRef = 93577D2929A4E6D500170EA6 /* CheckDeletePopup.xib */; };
		93AF470A29A6462A0094D1A7 /* CustomTextField.swift in Sources */ = {isa = PBXBuildFile; fileRef = 93AF470929A6462A0094D1A7 /* CustomTextField.swift */; };
		93CDF9B329A4E8750087364D /* CheckDeletePopupViewController.swift in Sources */ = {isa = PBXBuildFile; fileRef = 93CDF9B229A4E8750087364D /* CheckDeletePopupViewController.swift */; };
		93CEBFCB298A43B60021BD4F /* TotalAllergyViewController.swift in Sources */ = {isa = PBXBuildFile; fileRef = 93CEBFCA298A43B60021BD4F /* TotalAllergyViewController.swift */; };
		93CEBFCD298A44140021BD4F /* TotalAllergyViewModel.swift in Sources */ = {isa = PBXBuildFile; fileRef = 93CEBFCC298A44140021BD4F /* TotalAllergyViewModel.swift */; };
		93CEC01E298A5E300021BD4F /* ShowAllergyTableViewCell.xib in Resources */ = {isa = PBXBuildFile; fileRef = 93CEC01D298A5E300021BD4F /* ShowAllergyTableViewCell.xib */; };
		93CEC022298A6E330021BD4F /* ShowAllergyTableViewCell.swift in Sources */ = {isa = PBXBuildFile; fileRef = 93CEC021298A6E330021BD4F /* ShowAllergyTableViewCell.swift */; };
		93CEC026298BA85F0021BD4F /* AllergyModel.swift in Sources */ = {isa = PBXBuildFile; fileRef = 93CEC025298BA85F0021BD4F /* AllergyModel.swift */; };
		93FBFBF12989605600337B86 /* Allergy.swift in Sources */ = {isa = PBXBuildFile; fileRef = 93FBFBF02989605600337B86 /* Allergy.swift */; };
		93FBFBF52989612B00337B86 /* MyAllergyViewController.swift in Sources */ = {isa = PBXBuildFile; fileRef = 93FBFBF42989612B00337B86 /* MyAllergyViewController.swift */; };
		93FBFBF9298A3B1A00337B86 /* ShowAllergy.storyboard in Resources */ = {isa = PBXBuildFile; fileRef = 93FBFBF8298A3B1900337B86 /* ShowAllergy.storyboard */; };
/* End PBXBuildFile section */

/* Begin PBXFileReference section */
		0F52F8D8298AB1B0005E2C93 /* ScanResultViewController.swift */ = {isa = PBXFileReference; lastKnownFileType = sourcecode.swift; path = ScanResultViewController.swift; sourceTree = "<group>"; };
		0F52F8DA298AB227005E2C93 /* ScanResultViewModel.swift */ = {isa = PBXFileReference; lastKnownFileType = sourcecode.swift; path = ScanResultViewModel.swift; sourceTree = "<group>"; };
		0F52F8EC2990DC86005E2C93 /* CoreAllergyModel.xcdatamodel */ = {isa = PBXFileReference; lastKnownFileType = wrapper.xcdatamodel; path = CoreAllergyModel.xcdatamodel; sourceTree = "<group>"; };
		0F64C1762994C4CE009AB81C /* AllergyResultModel.swift */ = {isa = PBXFileReference; lastKnownFileType = sourcecode.swift; path = AllergyResultModel.swift; sourceTree = "<group>"; };
		0F64C1792996285D009AB81C /* FetchBarcodeInfo.swift */ = {isa = PBXFileReference; lastKnownFileType = sourcecode.swift; path = FetchBarcodeInfo.swift; sourceTree = "<group>"; };
		0F83757E297FE14400ACE1A5 /* LoadAllergyViewController.swift */ = {isa = PBXFileReference; lastKnownFileType = sourcecode.swift; path = LoadAllergyViewController.swift; sourceTree = "<group>"; };
		0F837580297FE2BC00ACE1A5 /* LoadAllergyDetailViewController.swift */ = {isa = PBXFileReference; lastKnownFileType = sourcecode.swift; path = LoadAllergyDetailViewController.swift; sourceTree = "<group>"; };
		0F8375822980F03C00ACE1A5 /* AllergyResult.swift */ = {isa = PBXFileReference; lastKnownFileType = sourcecode.swift; path = AllergyResult.swift; sourceTree = "<group>"; };
		0F8375842981074200ACE1A5 /* MainViewModel.swift */ = {isa = PBXFileReference; lastKnownFileType = sourcecode.swift; path = MainViewModel.swift; sourceTree = "<group>"; };
		0F837586298263BF00ACE1A5 /* LoadAllergyViewModel.swift */ = {isa = PBXFileReference; lastKnownFileType = sourcecode.swift; path = LoadAllergyViewModel.swift; sourceTree = "<group>"; };
		0F8375882982783200ACE1A5 /* LoadAllergyCollectionViewCell.swift */ = {isa = PBXFileReference; lastKnownFileType = sourcecode.swift; path = LoadAllergyCollectionViewCell.swift; sourceTree = "<group>"; };
		0F8375892982783200ACE1A5 /* LoadAllergyCollectionViewCell.xib */ = {isa = PBXFileReference; lastKnownFileType = file.xib; path = LoadAllergyCollectionViewCell.xib; sourceTree = "<group>"; };
		0F8375B32987A81900ACE1A5 /* LoadAllergyDetailViewModel.swift */ = {isa = PBXFileReference; lastKnownFileType = sourcecode.swift; path = LoadAllergyDetailViewModel.swift; sourceTree = "<group>"; };
		0F8512B12843B7F800A059A1 /* AllergyApp.app */ = {isa = PBXFileReference; explicitFileType = wrapper.application; includeInIndex = 0; path = AllergyApp.app; sourceTree = BUILT_PRODUCTS_DIR; };
		0F8512B42843B7F800A059A1 /* AppDelegate.swift */ = {isa = PBXFileReference; lastKnownFileType = sourcecode.swift; path = AppDelegate.swift; sourceTree = "<group>"; };
		0F8512B62843B7F800A059A1 /* SceneDelegate.swift */ = {isa = PBXFileReference; lastKnownFileType = sourcecode.swift; path = SceneDelegate.swift; sourceTree = "<group>"; };
		0F8512B82843B7F800A059A1 /* MainViewController.swift */ = {isa = PBXFileReference; lastKnownFileType = sourcecode.swift; path = MainViewController.swift; sourceTree = "<group>"; };
		0F8512BB2843B7F800A059A1 /* Base */ = {isa = PBXFileReference; lastKnownFileType = file.storyboard; name = Base; path = Base.lproj/Main.storyboard; sourceTree = "<group>"; };
		0F8512BD2843B7FA00A059A1 /* Assets.xcassets */ = {isa = PBXFileReference; lastKnownFileType = folder.assetcatalog; path = Assets.xcassets; sourceTree = "<group>"; };
		0F8512C02843B7FA00A059A1 /* Base */ = {isa = PBXFileReference; lastKnownFileType = file.storyboard; name = Base; path = Base.lproj/LaunchScreen.storyboard; sourceTree = "<group>"; };
		0F8512C22843B7FA00A059A1 /* Info.plist */ = {isa = PBXFileReference; lastKnownFileType = text.plist.xml; path = Info.plist; sourceTree = "<group>"; };
		0F8D57AD299A1BEB00CA4D1D /* Barcode.swift */ = {isa = PBXFileReference; lastKnownFileType = sourcecode.swift; path = Barcode.swift; sourceTree = "<group>"; };
		1C562F17ECB7C790266BA6A4 /* Pods-AllergyApp.debug.xcconfig */ = {isa = PBXFileReference; includeInIndex = 1; lastKnownFileType = text.xcconfig; name = "Pods-AllergyApp.debug.xcconfig"; path = "Target Support Files/Pods-AllergyApp/Pods-AllergyApp.debug.xcconfig"; sourceTree = "<group>"; };
		1F000C0B8422157402BE36D8 /* Pods-AllergyApp.release.xcconfig */ = {isa = PBXFileReference; includeInIndex = 1; lastKnownFileType = text.xcconfig; name = "Pods-AllergyApp.release.xcconfig"; path = "Target Support Files/Pods-AllergyApp/Pods-AllergyApp.release.xcconfig"; sourceTree = "<group>"; };
		4FF71929408CA382399B6C83 /* Pods_AllergyApp.framework */ = {isa = PBXFileReference; explicitFileType = wrapper.framework; includeInIndex = 0; path = Pods_AllergyApp.framework; sourceTree = BUILT_PRODUCTS_DIR; };
		931716CD2993EC5E00819089 /* DirectAddMyAllergyViewController.swift */ = {isa = PBXFileReference; lastKnownFileType = sourcecode.swift; path = DirectAddMyAllergyViewController.swift; sourceTree = "<group>"; };
		932DF7BB2997DA49002223C9 /* FetchProductInfo.swift */ = {isa = PBXFileReference; lastKnownFileType = sourcecode.swift; path = FetchProductInfo.swift; sourceTree = "<group>"; };
		932DF7BD2997DAA9002223C9 /* Product.swift */ = {isa = PBXFileReference; lastKnownFileType = sourcecode.swift; path = Product.swift; sourceTree = "<group>"; };
		932DF7BF299B595D002223C9 /* ScanBarcode.swift */ = {isa = PBXFileReference; lastKnownFileType = sourcecode.swift; path = ScanBarcode.swift; sourceTree = "<group>"; };
		932DF7C4299B5A58002223C9 /* BarCodeView.swift */ = {isa = PBXFileReference; lastKnownFileType = sourcecode.swift; path = BarCodeView.swift; sourceTree = "<group>"; };
		932DF7C6299B7456002223C9 /* CheckResultPopup.xib */ = {isa = PBXFileReference; lastKnownFileType = file.xib; path = CheckResultPopup.xib; sourceTree = "<group>"; };
		932DF7C8299B7595002223C9 /* CheckResultPopupViewController.swift */ = {isa = PBXFileReference; lastKnownFileType = sourcecode.swift; path = CheckResultPopupViewController.swift; sourceTree = "<group>"; };
		93577D1429A360AD00170EA6 /* NanumSquareRoundL.ttf */ = {isa = PBXFileReference; lastKnownFileType = file; path = NanumSquareRoundL.ttf; sourceTree = "<group>"; };
		93577D1529A360AD00170EA6 /* NanumSquareRoundR.ttf */ = {isa = PBXFileReference; lastKnownFileType = file; path = NanumSquareRoundR.ttf; sourceTree = "<group>"; };
		93577D1629A360AD00170EA6 /* NanumSquareRoundEB.ttf */ = {isa = PBXFileReference; lastKnownFileType = file; path = NanumSquareRoundEB.ttf; sourceTree = "<group>"; };
		93577D1729A360AD00170EA6 /* NanumSquareRoundB.ttf */ = {isa = PBXFileReference; lastKnownFileType = file; path = NanumSquareRoundB.ttf; sourceTree = "<group>"; };
		93577D1C29A364A400170EA6 /* NanumSquareB.ttf */ = {isa = PBXFileReference; lastKnownFileType = file; path = NanumSquareB.ttf; sourceTree = "<group>"; };
		93577D1D29A364A400170EA6 /* NanumSquareEB.ttf */ = {isa = PBXFileReference; lastKnownFileType = file; path = NanumSquareEB.ttf; sourceTree = "<group>"; };
		93577D1E29A364A400170EA6 /* NanumSquareL.ttf */ = {isa = PBXFileReference; lastKnownFileType = file; path = NanumSquareL.ttf; sourceTree = "<group>"; };
		93577D1F29A364A400170EA6 /* NanumSquareR.ttf */ = {isa = PBXFileReference; lastKnownFileType = file; path = NanumSquareR.ttf; sourceTree = "<group>"; };
		93577D2529A367CC00170EA6 /* ExtensionUIColor.swift */ = {isa = PBXFileReference; lastKnownFileType = sourcecode.swift; path = ExtensionUIColor.swift; sourceTree = "<group>"; };
		93577D2929A4E6D500170EA6 /* CheckDeletePopup.xib */ = {isa = PBXFileReference; lastKnownFileType = file.xib; path = CheckDeletePopup.xib; sourceTree = "<group>"; };
		93AF470929A6462A0094D1A7 /* CustomTextField.swift */ = {isa = PBXFileReference; lastKnownFileType = sourcecode.swift; path = CustomTextField.swift; sourceTree = "<group>"; };
		93CDF9B229A4E8750087364D /* CheckDeletePopupViewController.swift */ = {isa = PBXFileReference; lastKnownFileType = sourcecode.swift; path = CheckDeletePopupViewController.swift; sourceTree = "<group>"; };
		93CEBFCA298A43B60021BD4F /* TotalAllergyViewController.swift */ = {isa = PBXFileReference; lastKnownFileType = sourcecode.swift; path = TotalAllergyViewController.swift; sourceTree = "<group>"; };
		93CEBFCC298A44140021BD4F /* TotalAllergyViewModel.swift */ = {isa = PBXFileReference; lastKnownFileType = sourcecode.swift; path = TotalAllergyViewModel.swift; sourceTree = "<group>"; };
		93CEC01D298A5E300021BD4F /* ShowAllergyTableViewCell.xib */ = {isa = PBXFileReference; lastKnownFileType = file.xib; path = ShowAllergyTableViewCell.xib; sourceTree = "<group>"; };
		93CEC021298A6E330021BD4F /* ShowAllergyTableViewCell.swift */ = {isa = PBXFileReference; lastKnownFileType = sourcecode.swift; path = ShowAllergyTableViewCell.swift; sourceTree = "<group>"; };
		93CEC025298BA85F0021BD4F /* AllergyModel.swift */ = {isa = PBXFileReference; lastKnownFileType = sourcecode.swift; path = AllergyModel.swift; sourceTree = "<group>"; };
		93FBFBF02989605600337B86 /* Allergy.swift */ = {isa = PBXFileReference; lastKnownFileType = sourcecode.swift; path = Allergy.swift; sourceTree = "<group>"; };
		93FBFBF42989612B00337B86 /* MyAllergyViewController.swift */ = {isa = PBXFileReference; lastKnownFileType = sourcecode.swift; path = MyAllergyViewController.swift; sourceTree = "<group>"; };
		93FBFBF8298A3B1900337B86 /* ShowAllergy.storyboard */ = {isa = PBXFileReference; lastKnownFileType = file.storyboard; path = ShowAllergy.storyboard; sourceTree = "<group>"; };
/* End PBXFileReference section */

/* Begin PBXFrameworksBuildPhase section */
		0F8512AE2843B7F800A059A1 /* Frameworks */ = {
			isa = PBXFrameworksBuildPhase;
			buildActionMask = 2147483647;
			files = (
				52E5A03AE8D7D98201D1CCC9 /* Pods_AllergyApp.framework in Frameworks */,
			);
			runOnlyForDeploymentPostprocessing = 0;
		};
/* End PBXFrameworksBuildPhase section */

/* Begin PBXGroup section */
		0F01F3B42988FFC20053A0C5 /* AllergyResultView */ = {
			isa = PBXGroup;
			children = (
				0F83757E297FE14400ACE1A5 /* LoadAllergyViewController.swift */,
				0F837580297FE2BC00ACE1A5 /* LoadAllergyDetailViewController.swift */,
				0F8375882982783200ACE1A5 /* LoadAllergyCollectionViewCell.swift */,
				0F8375892982783200ACE1A5 /* LoadAllergyCollectionViewCell.xib */,
				0F52F8D8298AB1B0005E2C93 /* ScanResultViewController.swift */,
			);
			path = AllergyResultView;
			sourceTree = "<group>";
		};
		0F01F3B7298900450053A0C5 /* AllergyResultViewModel */ = {
			isa = PBXGroup;
			children = (
				0F64C1762994C4CE009AB81C /* AllergyResultModel.swift */,
				0F8375842981074200ACE1A5 /* MainViewModel.swift */,
				0F837586298263BF00ACE1A5 /* LoadAllergyViewModel.swift */,
				0F8375B32987A81900ACE1A5 /* LoadAllergyDetailViewModel.swift */,
				0F52F8DA298AB227005E2C93 /* ScanResultViewModel.swift */,
			);
			path = AllergyResultViewModel;
			sourceTree = "<group>";
		};
		0F64C178299627FF009AB81C /* Service */ = {
			isa = PBXGroup;
			children = (
				0F64C1792996285D009AB81C /* FetchBarcodeInfo.swift */,
				932DF7BB2997DA49002223C9 /* FetchProductInfo.swift */,
				932DF7BF299B595D002223C9 /* ScanBarcode.swift */,
			);
			path = Service;
			sourceTree = "<group>";
		};
		0F83757A297FD9FC00ACE1A5 /* Model */ = {
			isa = PBXGroup;
			children = (
				0F8375822980F03C00ACE1A5 /* AllergyResult.swift */,
				0F52F8EB2990DC86005E2C93 /* CoreAllergyModel.xcdatamodeld */,
				93FBFBF02989605600337B86 /* Allergy.swift */,
				0F8D57AD299A1BEB00CA4D1D /* Barcode.swift */,
				932DF7BD2997DAA9002223C9 /* Product.swift */,
			);
			path = Model;
			sourceTree = "<group>";
		};
		0F83757B297FDA0200ACE1A5 /* ViewModel */ = {
			isa = PBXGroup;
			children = (
				93FBFBF3298960EA00337B86 /* AllergyViewModel */,
				0F01F3B7298900450053A0C5 /* AllergyResultViewModel */,
			);
			path = ViewModel;
			sourceTree = "<group>";
		};
		0F83757C297FDA1700ACE1A5 /* View */ = {
			isa = PBXGroup;
			children = (
				932DF7C1299B5A2F002223C9 /* MainView */,
				93FBFBF2298960DE00337B86 /* AllergyView */,
				0F01F3B42988FFC20053A0C5 /* AllergyResultView */,
			);
			path = View;
			sourceTree = "<group>";
		};
		0F83757D297FE0F900ACE1A5 /* App */ = {
			isa = PBXGroup;
			children = (
				0F8512B42843B7F800A059A1 /* AppDelegate.swift */,
				0F8512B62843B7F800A059A1 /* SceneDelegate.swift */,
				0F8512BA2843B7F800A059A1 /* Main.storyboard */,
				93FBFBF8298A3B1900337B86 /* ShowAllergy.storyboard */,
				0F8512BF2843B7FA00A059A1 /* LaunchScreen.storyboard */,
			);
			path = App;
			sourceTree = "<group>";
		};
		0F8512A82843B7F800A059A1 = {
			isa = PBXGroup;
			children = (
				0F8512B32843B7F800A059A1 /* AllergyApp */,
				0F8512B22843B7F800A059A1 /* Products */,
				DB00FF7DEF183DDC50E9A35C /* Pods */,
				32E1515181FFB7472E26A476 /* Frameworks */,
			);
			sourceTree = "<group>";
		};
		0F8512B22843B7F800A059A1 /* Products */ = {
			isa = PBXGroup;
			children = (
				0F8512B12843B7F800A059A1 /* AllergyApp.app */,
			);
			name = Products;
			sourceTree = "<group>";
		};
		0F8512B32843B7F800A059A1 /* AllergyApp */ = {
			isa = PBXGroup;
			children = (
				0F8512C22843B7FA00A059A1 /* Info.plist */,
				93577D2429A365D500170EA6 /* Extension */,
				932DF7CB29A35AF5002223C9 /* Assets */,
				0F64C178299627FF009AB81C /* Service */,
				0F83757D297FE0F900ACE1A5 /* App */,
				0F83757A297FD9FC00ACE1A5 /* Model */,
				0F83757C297FDA1700ACE1A5 /* View */,
				0F83757B297FDA0200ACE1A5 /* ViewModel */,
			);
			path = AllergyApp;
			sourceTree = "<group>";
		};
		32E1515181FFB7472E26A476 /* Frameworks */ = {
			isa = PBXGroup;
			children = (
				4FF71929408CA382399B6C83 /* Pods_AllergyApp.framework */,
			);
			name = Frameworks;
			sourceTree = "<group>";
		};
		932DF7C1299B5A2F002223C9 /* MainView */ = {
			isa = PBXGroup;
			children = (
				0F8512B82843B7F800A059A1 /* MainViewController.swift */,
				932DF7C4299B5A58002223C9 /* BarCodeView.swift */,
				932DF7C6299B7456002223C9 /* CheckResultPopup.xib */,
				932DF7C8299B7595002223C9 /* CheckResultPopupViewController.swift */,
			);
			path = MainView;
			sourceTree = "<group>";
		};
		932DF7CB29A35AF5002223C9 /* Assets */ = {
			isa = PBXGroup;
			children = (
				93577D0329A3603400170EA6 /* Font */,
				0F8512BD2843B7FA00A059A1 /* Assets.xcassets */,
			);
			path = Assets;
			sourceTree = "<group>";
		};
		93577D0329A3603400170EA6 /* Font */ = {
			isa = PBXGroup;
			children = (
				93577D1729A360AD00170EA6 /* NanumSquareRoundB.ttf */,
				93577D1629A360AD00170EA6 /* NanumSquareRoundEB.ttf */,
				93577D1429A360AD00170EA6 /* NanumSquareRoundL.ttf */,
				93577D1529A360AD00170EA6 /* NanumSquareRoundR.ttf */,
				93577D1C29A364A400170EA6 /* NanumSquareB.ttf */,
				93577D1D29A364A400170EA6 /* NanumSquareEB.ttf */,
				93577D1E29A364A400170EA6 /* NanumSquareL.ttf */,
				93577D1F29A364A400170EA6 /* NanumSquareR.ttf */,
			);
			path = Font;
			sourceTree = "<group>";
		};
		93577D2429A365D500170EA6 /* Extension */ = {
			isa = PBXGroup;
			children = (
				93AF470929A6462A0094D1A7 /* CustomTextField.swift */,
				93577D2529A367CC00170EA6 /* ExtensionUIColor.swift */,
			);
			path = Extension;
			sourceTree = "<group>";
		};
		93FBFBF2298960DE00337B86 /* AllergyView */ = {
			isa = PBXGroup;
			children = (
				93CEBFCA298A43B60021BD4F /* TotalAllergyViewController.swift */,
				93FBFBF42989612B00337B86 /* MyAllergyViewController.swift */,
				93CEC021298A6E330021BD4F /* ShowAllergyTableViewCell.swift */,
				93CEC01D298A5E300021BD4F /* ShowAllergyTableViewCell.xib */,
				931716CD2993EC5E00819089 /* DirectAddMyAllergyViewController.swift */,
				93577D2929A4E6D500170EA6 /* CheckDeletePopup.xib */,
				93CDF9B229A4E8750087364D /* CheckDeletePopupViewController.swift */,
			);
			path = AllergyView;
			sourceTree = "<group>";
		};
		93FBFBF3298960EA00337B86 /* AllergyViewModel */ = {
			isa = PBXGroup;
			children = (
				93CEC025298BA85F0021BD4F /* AllergyModel.swift */,
				93CEBFCC298A44140021BD4F /* TotalAllergyViewModel.swift */,
			);
			path = AllergyViewModel;
			sourceTree = "<group>";
		};
		DB00FF7DEF183DDC50E9A35C /* Pods */ = {
			isa = PBXGroup;
			children = (
				1C562F17ECB7C790266BA6A4 /* Pods-AllergyApp.debug.xcconfig */,
				1F000C0B8422157402BE36D8 /* Pods-AllergyApp.release.xcconfig */,
			);
			path = Pods;
			sourceTree = "<group>";
		};
/* End PBXGroup section */

/* Begin PBXNativeTarget section */
		0F8512B02843B7F800A059A1 /* AllergyApp */ = {
			isa = PBXNativeTarget;
			buildConfigurationList = 0F8512C52843B7FA00A059A1 /* Build configuration list for PBXNativeTarget "AllergyApp" */;
			buildPhases = (
				0F988B55D7DAE2433E978B60 /* [CP] Check Pods Manifest.lock */,
				0F8512AD2843B7F800A059A1 /* Sources */,
				0F8512AE2843B7F800A059A1 /* Frameworks */,
				0F8512AF2843B7F800A059A1 /* Resources */,
				CD082011EE3850992ABFB848 /* [CP] Embed Pods Frameworks */,
			);
			buildRules = (
			);
			dependencies = (
			);
			name = AllergyApp;
			productName = AllergyApp;
			productReference = 0F8512B12843B7F800A059A1 /* AllergyApp.app */;
			productType = "com.apple.product-type.application";
		};
/* End PBXNativeTarget section */

/* Begin PBXProject section */
		0F8512A92843B7F800A059A1 /* Project object */ = {
			isa = PBXProject;
			attributes = {
				BuildIndependentTargetsInParallel = 1;
				LastSwiftUpdateCheck = 1340;
				LastUpgradeCheck = 1340;
				TargetAttributes = {
					0F8512B02843B7F800A059A1 = {
						CreatedOnToolsVersion = 13.4;
					};
				};
			};
			buildConfigurationList = 0F8512AC2843B7F800A059A1 /* Build configuration list for PBXProject "AllergyApp" */;
			compatibilityVersion = "Xcode 13.0";
			developmentRegion = en;
			hasScannedForEncodings = 0;
			knownRegions = (
				en,
				Base,
			);
			mainGroup = 0F8512A82843B7F800A059A1;
			productRefGroup = 0F8512B22843B7F800A059A1 /* Products */;
			projectDirPath = "";
			projectRoot = "";
			targets = (
				0F8512B02843B7F800A059A1 /* AllergyApp */,
			);
		};
/* End PBXProject section */

/* Begin PBXResourcesBuildPhase section */
		0F8512AF2843B7F800A059A1 /* Resources */ = {
			isa = PBXResourcesBuildPhase;
			buildActionMask = 2147483647;
			files = (
				0F8512C12843B7FA00A059A1 /* LaunchScreen.storyboard in Resources */,
				93FBFBF9298A3B1A00337B86 /* ShowAllergy.storyboard in Resources */,
				0F8512BE2843B7FA00A059A1 /* Assets.xcassets in Resources */,
				93577D1B29A360AD00170EA6 /* NanumSquareRoundB.ttf in Resources */,
				93CEC01E298A5E300021BD4F /* ShowAllergyTableViewCell.xib in Resources */,
				0F8512BC2843B7F800A059A1 /* Main.storyboard in Resources */,
				93577D2229A364A400170EA6 /* NanumSquareL.ttf in Resources */,
				93577D2329A364A400170EA6 /* NanumSquareR.ttf in Resources */,
				93577D1A29A360AD00170EA6 /* NanumSquareRoundEB.ttf in Resources */,
				93577D1929A360AD00170EA6 /* NanumSquareRoundR.ttf in Resources */,
				93577D2A29A4E6D500170EA6 /* CheckDeletePopup.xib in Resources */,
				93577D1829A360AD00170EA6 /* NanumSquareRoundL.ttf in Resources */,
				932DF7C7299B7456002223C9 /* CheckResultPopup.xib in Resources */,
				93577D2029A364A400170EA6 /* NanumSquareB.ttf in Resources */,
				93577D2129A364A400170EA6 /* NanumSquareEB.ttf in Resources */,
				0F83758B2982783300ACE1A5 /* LoadAllergyCollectionViewCell.xib in Resources */,
			);
			runOnlyForDeploymentPostprocessing = 0;
		};
/* End PBXResourcesBuildPhase section */

/* Begin PBXShellScriptBuildPhase section */
		0F988B55D7DAE2433E978B60 /* [CP] Check Pods Manifest.lock */ = {
			isa = PBXShellScriptBuildPhase;
			buildActionMask = 2147483647;
			files = (
			);
			inputFileListPaths = (
			);
			inputPaths = (
				"${PODS_PODFILE_DIR_PATH}/Podfile.lock",
				"${PODS_ROOT}/Manifest.lock",
			);
			name = "[CP] Check Pods Manifest.lock";
			outputFileListPaths = (
			);
			outputPaths = (
				"$(DERIVED_FILE_DIR)/Pods-AllergyApp-checkManifestLockResult.txt",
			);
			runOnlyForDeploymentPostprocessing = 0;
			shellPath = /bin/sh;
			shellScript = "diff \"${PODS_PODFILE_DIR_PATH}/Podfile.lock\" \"${PODS_ROOT}/Manifest.lock\" > /dev/null\nif [ $? != 0 ] ; then\n    # print error to STDERR\n    echo \"error: The sandbox is not in sync with the Podfile.lock. Run 'pod install' or update your CocoaPods installation.\" >&2\n    exit 1\nfi\n# This output is used by Xcode 'outputs' to avoid re-running this script phase.\necho \"SUCCESS\" > \"${SCRIPT_OUTPUT_FILE_0}\"\n";
			showEnvVarsInLog = 0;
		};
		CD082011EE3850992ABFB848 /* [CP] Embed Pods Frameworks */ = {
			isa = PBXShellScriptBuildPhase;
			buildActionMask = 2147483647;
			files = (
			);
			inputFileListPaths = (
				"${PODS_ROOT}/Target Support Files/Pods-AllergyApp/Pods-AllergyApp-frameworks-${CONFIGURATION}-input-files.xcfilelist",
			);
			name = "[CP] Embed Pods Frameworks";
			outputFileListPaths = (
				"${PODS_ROOT}/Target Support Files/Pods-AllergyApp/Pods-AllergyApp-frameworks-${CONFIGURATION}-output-files.xcfilelist",
			);
			runOnlyForDeploymentPostprocessing = 0;
			shellPath = /bin/sh;
			shellScript = "\"${PODS_ROOT}/Target Support Files/Pods-AllergyApp/Pods-AllergyApp-frameworks.sh\"\n";
			showEnvVarsInLog = 0;
		};
/* End PBXShellScriptBuildPhase section */

/* Begin PBXSourcesBuildPhase section */
		0F8512AD2843B7F800A059A1 /* Sources */ = {
			isa = PBXSourcesBuildPhase;
			buildActionMask = 2147483647;
			files = (
				932DF7BC2997DA49002223C9 /* FetchProductInfo.swift in Sources */,
				0F8375852981074200ACE1A5 /* MainViewModel.swift in Sources */,
				93CEBFCD298A44140021BD4F /* TotalAllergyViewModel.swift in Sources */,
				932DF7C5299B5A58002223C9 /* BarCodeView.swift in Sources */,
				0F83758A2982783200ACE1A5 /* LoadAllergyCollectionViewCell.swift in Sources */,
				93CDF9B329A4E8750087364D /* CheckDeletePopupViewController.swift in Sources */,
				0F837587298263BF00ACE1A5 /* LoadAllergyViewModel.swift in Sources */,
				0F64C17A2996285D009AB81C /* FetchBarcodeInfo.swift in Sources */,
				932DF7C9299B7595002223C9 /* CheckResultPopupViewController.swift in Sources */,
				0F8512B92843B7F800A059A1 /* MainViewController.swift in Sources */,
				932DF7BE2997DAA9002223C9 /* Product.swift in Sources */,
				93FBFBF12989605600337B86 /* Allergy.swift in Sources */,
				0F52F8DB298AB227005E2C93 /* ScanResultViewModel.swift in Sources */,
				0F8D57AE299A1BEB00CA4D1D /* Barcode.swift in Sources */,
				0F8375B42987A81900ACE1A5 /* LoadAllergyDetailViewModel.swift in Sources */,
				0F837581297FE2BC00ACE1A5 /* LoadAllergyDetailViewController.swift in Sources */,
				0F64C1772994C4CE009AB81C /* AllergyResultModel.swift in Sources */,
				0F52F8ED2990DC86005E2C93 /* CoreAllergyModel.xcdatamodeld in Sources */,
				93AF470A29A6462A0094D1A7 /* CustomTextField.swift in Sources */,
				0F83757F297FE14400ACE1A5 /* LoadAllergyViewController.swift in Sources */,
				932DF7C0299B595D002223C9 /* ScanBarcode.swift in Sources */,
				0F8512B52843B7F800A059A1 /* AppDelegate.swift in Sources */,
				931716CE2993EC5E00819089 /* DirectAddMyAllergyViewController.swift in Sources */,
				93FBFBF52989612B00337B86 /* MyAllergyViewController.swift in Sources */,
				93CEC026298BA85F0021BD4F /* AllergyModel.swift in Sources */,
				93CEBFCB298A43B60021BD4F /* TotalAllergyViewController.swift in Sources */,
				0F52F8D9298AB1B0005E2C93 /* ScanResultViewController.swift in Sources */,
				93CEC022298A6E330021BD4F /* ShowAllergyTableViewCell.swift in Sources */,
				0F8375832980F03C00ACE1A5 /* AllergyResult.swift in Sources */,
				93577D2629A367CC00170EA6 /* ExtensionUIColor.swift in Sources */,
				0F8512B72843B7F800A059A1 /* SceneDelegate.swift in Sources */,
			);
			runOnlyForDeploymentPostprocessing = 0;
		};
/* End PBXSourcesBuildPhase section */

/* Begin PBXVariantGroup section */
		0F8512BA2843B7F800A059A1 /* Main.storyboard */ = {
			isa = PBXVariantGroup;
			children = (
				0F8512BB2843B7F800A059A1 /* Base */,
			);
			name = Main.storyboard;
			sourceTree = "<group>";
		};
		0F8512BF2843B7FA00A059A1 /* LaunchScreen.storyboard */ = {
			isa = PBXVariantGroup;
			children = (
				0F8512C02843B7FA00A059A1 /* Base */,
			);
			name = LaunchScreen.storyboard;
			sourceTree = "<group>";
		};
/* End PBXVariantGroup section */

/* Begin XCBuildConfiguration section */
		0F8512C32843B7FA00A059A1 /* Debug */ = {
			isa = XCBuildConfiguration;
			buildSettings = {
				ALWAYS_SEARCH_USER_PATHS = NO;
				CLANG_ANALYZER_NONNULL = YES;
				CLANG_ANALYZER_NUMBER_OBJECT_CONVERSION = YES_AGGRESSIVE;
				CLANG_CXX_LANGUAGE_STANDARD = "gnu++17";
				CLANG_ENABLE_MODULES = YES;
				CLANG_ENABLE_OBJC_ARC = YES;
				CLANG_ENABLE_OBJC_WEAK = YES;
				CLANG_WARN_BLOCK_CAPTURE_AUTORELEASING = YES;
				CLANG_WARN_BOOL_CONVERSION = YES;
				CLANG_WARN_COMMA = YES;
				CLANG_WARN_CONSTANT_CONVERSION = YES;
				CLANG_WARN_DEPRECATED_OBJC_IMPLEMENTATIONS = YES;
				CLANG_WARN_DIRECT_OBJC_ISA_USAGE = YES_ERROR;
				CLANG_WARN_DOCUMENTATION_COMMENTS = YES;
				CLANG_WARN_EMPTY_BODY = YES;
				CLANG_WARN_ENUM_CONVERSION = YES;
				CLANG_WARN_INFINITE_RECURSION = YES;
				CLANG_WARN_INT_CONVERSION = YES;
				CLANG_WARN_NON_LITERAL_NULL_CONVERSION = YES;
				CLANG_WARN_OBJC_IMPLICIT_RETAIN_SELF = YES;
				CLANG_WARN_OBJC_LITERAL_CONVERSION = YES;
				CLANG_WARN_OBJC_ROOT_CLASS = YES_ERROR;
				CLANG_WARN_QUOTED_INCLUDE_IN_FRAMEWORK_HEADER = YES;
				CLANG_WARN_RANGE_LOOP_ANALYSIS = YES;
				CLANG_WARN_STRICT_PROTOTYPES = YES;
				CLANG_WARN_SUSPICIOUS_MOVE = YES;
				CLANG_WARN_UNGUARDED_AVAILABILITY = YES_AGGRESSIVE;
				CLANG_WARN_UNREACHABLE_CODE = YES;
				CLANG_WARN__DUPLICATE_METHOD_MATCH = YES;
				COPY_PHASE_STRIP = NO;
				DEBUG_INFORMATION_FORMAT = dwarf;
				ENABLE_STRICT_OBJC_MSGSEND = YES;
				ENABLE_TESTABILITY = YES;
				GCC_C_LANGUAGE_STANDARD = gnu11;
				GCC_DYNAMIC_NO_PIC = NO;
				GCC_NO_COMMON_BLOCKS = YES;
				GCC_OPTIMIZATION_LEVEL = 0;
				GCC_PREPROCESSOR_DEFINITIONS = (
					"DEBUG=1",
					"$(inherited)",
				);
				GCC_WARN_64_TO_32_BIT_CONVERSION = YES;
				GCC_WARN_ABOUT_RETURN_TYPE = YES_ERROR;
				GCC_WARN_UNDECLARED_SELECTOR = YES;
				GCC_WARN_UNINITIALIZED_AUTOS = YES_AGGRESSIVE;
				GCC_WARN_UNUSED_FUNCTION = YES;
				GCC_WARN_UNUSED_VARIABLE = YES;
				IPHONEOS_DEPLOYMENT_TARGET = 15.5;
				MTL_ENABLE_DEBUG_INFO = INCLUDE_SOURCE;
				MTL_FAST_MATH = YES;
				ONLY_ACTIVE_ARCH = YES;
				SDKROOT = iphoneos;
				SWIFT_ACTIVE_COMPILATION_CONDITIONS = DEBUG;
				SWIFT_OPTIMIZATION_LEVEL = "-Onone";
			};
			name = Debug;
		};
		0F8512C42843B7FA00A059A1 /* Release */ = {
			isa = XCBuildConfiguration;
			buildSettings = {
				ALWAYS_SEARCH_USER_PATHS = NO;
				CLANG_ANALYZER_NONNULL = YES;
				CLANG_ANALYZER_NUMBER_OBJECT_CONVERSION = YES_AGGRESSIVE;
				CLANG_CXX_LANGUAGE_STANDARD = "gnu++17";
				CLANG_ENABLE_MODULES = YES;
				CLANG_ENABLE_OBJC_ARC = YES;
				CLANG_ENABLE_OBJC_WEAK = YES;
				CLANG_WARN_BLOCK_CAPTURE_AUTORELEASING = YES;
				CLANG_WARN_BOOL_CONVERSION = YES;
				CLANG_WARN_COMMA = YES;
				CLANG_WARN_CONSTANT_CONVERSION = YES;
				CLANG_WARN_DEPRECATED_OBJC_IMPLEMENTATIONS = YES;
				CLANG_WARN_DIRECT_OBJC_ISA_USAGE = YES_ERROR;
				CLANG_WARN_DOCUMENTATION_COMMENTS = YES;
				CLANG_WARN_EMPTY_BODY = YES;
				CLANG_WARN_ENUM_CONVERSION = YES;
				CLANG_WARN_INFINITE_RECURSION = YES;
				CLANG_WARN_INT_CONVERSION = YES;
				CLANG_WARN_NON_LITERAL_NULL_CONVERSION = YES;
				CLANG_WARN_OBJC_IMPLICIT_RETAIN_SELF = YES;
				CLANG_WARN_OBJC_LITERAL_CONVERSION = YES;
				CLANG_WARN_OBJC_ROOT_CLASS = YES_ERROR;
				CLANG_WARN_QUOTED_INCLUDE_IN_FRAMEWORK_HEADER = YES;
				CLANG_WARN_RANGE_LOOP_ANALYSIS = YES;
				CLANG_WARN_STRICT_PROTOTYPES = YES;
				CLANG_WARN_SUSPICIOUS_MOVE = YES;
				CLANG_WARN_UNGUARDED_AVAILABILITY = YES_AGGRESSIVE;
				CLANG_WARN_UNREACHABLE_CODE = YES;
				CLANG_WARN__DUPLICATE_METHOD_MATCH = YES;
				COPY_PHASE_STRIP = NO;
				DEBUG_INFORMATION_FORMAT = "dwarf-with-dsym";
				ENABLE_NS_ASSERTIONS = NO;
				ENABLE_STRICT_OBJC_MSGSEND = YES;
				GCC_C_LANGUAGE_STANDARD = gnu11;
				GCC_NO_COMMON_BLOCKS = YES;
				GCC_WARN_64_TO_32_BIT_CONVERSION = YES;
				GCC_WARN_ABOUT_RETURN_TYPE = YES_ERROR;
				GCC_WARN_UNDECLARED_SELECTOR = YES;
				GCC_WARN_UNINITIALIZED_AUTOS = YES_AGGRESSIVE;
				GCC_WARN_UNUSED_FUNCTION = YES;
				GCC_WARN_UNUSED_VARIABLE = YES;
				IPHONEOS_DEPLOYMENT_TARGET = 15.5;
				MTL_ENABLE_DEBUG_INFO = NO;
				MTL_FAST_MATH = YES;
				SDKROOT = iphoneos;
				SWIFT_COMPILATION_MODE = wholemodule;
				SWIFT_OPTIMIZATION_LEVEL = "-O";
				VALIDATE_PRODUCT = YES;
			};
			name = Release;
		};
		0F8512C62843B7FA00A059A1 /* Debug */ = {
			isa = XCBuildConfiguration;
			baseConfigurationReference = 1C562F17ECB7C790266BA6A4 /* Pods-AllergyApp.debug.xcconfig */;
			buildSettings = {
				ASSETCATALOG_COMPILER_APPICON_NAME = AppIcon;
				ASSETCATALOG_COMPILER_GLOBAL_ACCENT_COLOR_NAME = AccentColor;
				CODE_SIGN_STYLE = Automatic;
				CURRENT_PROJECT_VERSION = 1;
				DEVELOPMENT_TEAM = 4J3RK7L42Z;
				GENERATE_INFOPLIST_FILE = YES;
				INFOPLIST_FILE = AllergyApp/Info.plist;
				INFOPLIST_KEY_UIApplicationSupportsIndirectInputEvents = YES;
				INFOPLIST_KEY_UILaunchStoryboardName = LaunchScreen;
				INFOPLIST_KEY_UIMainStoryboardFile = Main;
				INFOPLIST_KEY_UISupportedInterfaceOrientations_iPad = "UIInterfaceOrientationPortrait UIInterfaceOrientationPortraitUpsideDown UIInterfaceOrientationLandscapeLeft UIInterfaceOrientationLandscapeRight";
				INFOPLIST_KEY_UISupportedInterfaceOrientations_iPhone = "UIInterfaceOrientationPortrait UIInterfaceOrientationLandscapeLeft UIInterfaceOrientationLandscapeRight";
				LD_RUNPATH_SEARCH_PATHS = (
					"$(inherited)",
					"@executable_path/Frameworks",
				);
				MARKETING_VERSION = 1.0;
				PRODUCT_BUNDLE_IDENTIFIER = sun.AllergyApp;
				PRODUCT_NAME = "$(TARGET_NAME)";
				SWIFT_EMIT_LOC_STRINGS = YES;
				SWIFT_VERSION = 5.0;
				TARGETED_DEVICE_FAMILY = "1,2";
			};
			name = Debug;
		};
		0F8512C72843B7FA00A059A1 /* Release */ = {
			isa = XCBuildConfiguration;
			baseConfigurationReference = 1F000C0B8422157402BE36D8 /* Pods-AllergyApp.release.xcconfig */;
			buildSettings = {
				ASSETCATALOG_COMPILER_APPICON_NAME = AppIcon;
				ASSETCATALOG_COMPILER_GLOBAL_ACCENT_COLOR_NAME = AccentColor;
				CODE_SIGN_STYLE = Automatic;
				CURRENT_PROJECT_VERSION = 1;
				DEVELOPMENT_TEAM = 4J3RK7L42Z;
				GENERATE_INFOPLIST_FILE = YES;
				INFOPLIST_FILE = AllergyApp/Info.plist;
				INFOPLIST_KEY_UIApplicationSupportsIndirectInputEvents = YES;
				INFOPLIST_KEY_UILaunchStoryboardName = LaunchScreen;
				INFOPLIST_KEY_UIMainStoryboardFile = Main;
				INFOPLIST_KEY_UISupportedInterfaceOrientations_iPad = "UIInterfaceOrientationPortrait UIInterfaceOrientationPortraitUpsideDown UIInterfaceOrientationLandscapeLeft UIInterfaceOrientationLandscapeRight";
				INFOPLIST_KEY_UISupportedInterfaceOrientations_iPhone = "UIInterfaceOrientationPortrait UIInterfaceOrientationLandscapeLeft UIInterfaceOrientationLandscapeRight";
				LD_RUNPATH_SEARCH_PATHS = (
					"$(inherited)",
					"@executable_path/Frameworks",
				);
				MARKETING_VERSION = 1.0;
				PRODUCT_BUNDLE_IDENTIFIER = sun.AllergyApp;
				PRODUCT_NAME = "$(TARGET_NAME)";
				SWIFT_EMIT_LOC_STRINGS = YES;
				SWIFT_VERSION = 5.0;
				TARGETED_DEVICE_FAMILY = "1,2";
			};
			name = Release;
		};
/* End XCBuildConfiguration section */

/* Begin XCConfigurationList section */
		0F8512AC2843B7F800A059A1 /* Build configuration list for PBXProject "AllergyApp" */ = {
			isa = XCConfigurationList;
			buildConfigurations = (
				0F8512C32843B7FA00A059A1 /* Debug */,
				0F8512C42843B7FA00A059A1 /* Release */,
			);
			defaultConfigurationIsVisible = 0;
			defaultConfigurationName = Release;
		};
		0F8512C52843B7FA00A059A1 /* Build configuration list for PBXNativeTarget "AllergyApp" */ = {
			isa = XCConfigurationList;
			buildConfigurations = (
				0F8512C62843B7FA00A059A1 /* Debug */,
				0F8512C72843B7FA00A059A1 /* Release */,
			);
			defaultConfigurationIsVisible = 0;
			defaultConfigurationName = Release;
		};
/* End XCConfigurationList section */

/* Begin XCVersionGroup section */
		0F52F8EB2990DC86005E2C93 /* CoreAllergyModel.xcdatamodeld */ = {
			isa = XCVersionGroup;
			children = (
				0F52F8EC2990DC86005E2C93 /* CoreAllergyModel.xcdatamodel */,
			);
			currentVersion = 0F52F8EC2990DC86005E2C93 /* CoreAllergyModel.xcdatamodel */;
			path = CoreAllergyModel.xcdatamodeld;
			sourceTree = "<group>";
			versionGroupType = wrapper.xcdatamodel;
		};
/* End XCVersionGroup section */
	};
	rootObject = 0F8512A92843B7F800A059A1 /* Project object */;
}
